# THIS IS AN AUTOGENERATED FILE. DO NOT EDIT THIS FILE DIRECTLY.
# yarn lockfile v1


"@heroicons/react@^2.2.0":
  version "2.2.0"
  resolved "https://registry.yarnpkg.com/@heroicons/react/-/react-2.2.0.tgz#0c05124af50434a800773abec8d3af6a297d904b"
  integrity sha512-LMcepvRaS9LYHJGsF0zzmgKCUim/X3N/DQKc4jepAXJ7l8QxJ1PmxJzqplF2Z3FE4PqBAIGyJAQ/w4B5dsqbtQ==

dexie@^4.0.9:
  version "4.0.10"
  resolved "https://registry.yarnpkg.com/dexie/-/dexie-4.0.10.tgz#979e3ee75993b44eea3852f97ceb198019d5b287"
  integrity sha512-eM2RzuR3i+M046r2Q0Optl3pS31qTWf8aFuA7H9wnsHTwl8EPvroVLwvQene/6paAs39Tbk6fWZcn2aZaHkc/w==

dotenv@^16.4.5:
  version "16.4.7"
  resolved "https://registry.yarnpkg.com/dotenv/-/dotenv-16.4.7.tgz#0e20c5b82950140aa99be360a8a5f52335f53c26"
  integrity sha512-47qPchRCykZC03FhkYAhrvwU4xDBFIj1QPqaarj6mdM/hgUzfPHcpkHJOn3mJAufFeeAxAzeGsr5X0M4k6fLZQ==

pnpm@^9.12.3:
  version "9.14.4"
  resolved "https://registry.yarnpkg.com/pnpm/-/pnpm-9.14.4.tgz#64b6e81e79630419b675c555ef3b65607cfd6315"
  integrity sha512-yBgLP75OS8oCyUI0cXiWtVKXQKbLrfGfp4JUJwQD6i8n1OHUagig9WyJtj3I6/0+5TMm2nICc3lOYgD88NGEqw==
